
Microsoft Visual Studio Solution File, Format Version 12.00
# Visual Studio Version 16
VisualStudioVersion = 16.0.29230.47
MinimumVisualStudioVersion = 10.0.40219.1
Project("{FAE04EC0-301F-11D3-BF4B-00C04F79EFBC}") = "P01_Ages", "P01_Ages\P01_Ages.csproj", "{1E6F3D55-3C40-4288-8E00-0492D728D552}"
EndProject
Project("{FAE04EC0-301F-11D3-BF4B-00C04F79EFBC}") = "P02_Division", "P02_Division\P02_Division.csproj", "{6EB3A1D6-D2AD-425C-A0FD-C67DC74C17D0}"
EndProject
Project("{FAE04EC0-301F-11D3-BF4B-00C04F79EFBC}") = "P03_Vacation", "P03_Vacation\P03_Vacation.csproj", "{BF221C6C-0712-458D-B4C7-B9F0C0F788D8}"
EndProject
Project("{FAE04EC0-301F-11D3-BF4B-00C04F79EFBC}") = "P04_PrintAndSum", "P04_PrintAndSum\P04_PrintAndSum.csproj", "{1FED909C-C6D5-4051-A5CB-89F94A8A7658}"
EndProject
Project("{FAE04EC0-301F-11D3-BF4B-00C04F79EFBC}") = "P05_Login", "P05_Login\P05_Login.csproj", "{912487BB-A344-42EB-89D3-423DA668980C}"
EndProject
Project("{FAE04EC0-301F-11D3-BF4B-00C04F79EFBC}") = "P06_StrongNumber", "P06_StrongNumber\P06_StrongNumber.csproj", "{457FA82B-C86B-4591-8F1A-2923D2CEEBA5}"
EndProject
Project("{FAE04EC0-301F-11D3-BF4B-00C04F79EFBC}") = "P07_VendingMachine", "P07_VendingMachine\P07_VendingMachine.csproj", "{C88BB6CB-A72B-49F0-91CB-07E1C88D6DD4}"
EndProject
Project("{FAE04EC0-301F-11D3-BF4B-00C04F79EFBC}") = "P08_TriangleOfNumbers", "P08_TriangleOfNumbers\P08_TriangleOfNumbers.csproj", "{CD95DAE2-0894-4C37-8EAF-9631816A776A}"
EndProject
Global
	GlobalSection(SolutionConfigurationPlatforms) = preSolution
		Debug|Any CPU = Debug|Any CPU
		Release|Any CPU = Release|Any CPU
	EndGlobalSection
	GlobalSection(ProjectConfigurationPlatforms) = postSolution
		{1E6F3D55-3C40-4288-8E00-0492D728D552}.Debug|Any CPU.ActiveCfg = Debug|Any CPU
		{1E6F3D55-3C40-4288-8E00-0492D728D552}.Debug|Any CPU.Build.0 = Debug|Any CPU
		{1E6F3D55-3C40-4288-8E00-0492D728D552}.Release|Any CPU.ActiveCfg = Release|Any CPU
		{1E6F3D55-3C40-4288-8E00-0492D728D552}.Release|Any CPU.Build.0 = Release|Any CPU
		{6EB3A1D6-D2AD-425C-A0FD-C67DC74C17D0}.Debug|Any CPU.ActiveCfg = Debug|Any CPU
		{6EB3A1D6-D2AD-425C-A0FD-C67DC74C17D0}.Debug|Any CPU.Build.0 = Debug|Any CPU
		{6EB3A1D6-D2AD-425C-A0FD-C67DC74C17D0}.Release|Any CPU.ActiveCfg = Release|Any CPU
		{6EB3A1D6-D2AD-425C-A0FD-C67DC74C17D0}.Release|Any CPU.Build.0 = Release|Any CPU
		{BF221C6C-0712-458D-B4C7-B9F0C0F788D8}.Debug|Any CPU.ActiveCfg = Debug|Any CPU
		{BF221C6C-0712-458D-B4C7-B9F0C0F788D8}.Debug|Any CPU.Build.0 = Debug|Any CPU
		{BF221C6C-0712-458D-B4C7-B9F0C0F788D8}.Release|Any CPU.ActiveCfg = Release|Any CPU
		{BF221C6C-0712-458D-B4C7-B9F0C0F788D8}.Release|Any CPU.Build.0 = Release|Any CPU
		{1FED909C-C6D5-4051-A5CB-89F94A8A7658}.Debug|Any CPU.ActiveCfg = Debug|Any CPU
		{1FED909C-C6D5-4051-A5CB-89F94A8A7658}.Debug|Any CPU.Build.0 = Debug|Any CPU
		{1FED909C-C6D5-4051-A5CB-89F94A8A7658}.Release|Any CPU.ActiveCfg = Release|Any CPU
		{1FED909C-C6D5-4051-A5CB-89F94A8A7658}.Release|Any CPU.Build.0 = Release|Any CPU
		{912487BB-A344-42EB-89D3-423DA668980C}.Debug|Any CPU.ActiveCfg = Debug|Any CPU
		{912487BB-A344-42EB-89D3-423DA668980C}.Debug|Any CPU.Build.0 = Debug|Any CPU
		{912487BB-A344-42EB-89D3-423DA668980C}.Release|Any CPU.ActiveCfg = Release|Any CPU
		{912487BB-A344-42EB-89D3-423DA668980C}.Release|Any CPU.Build.0 = Release|Any CPU
		{457FA82B-C86B-4591-8F1A-2923D2CEEBA5}.Debug|Any CPU.ActiveCfg = Debug|Any CPU
		{457FA82B-C86B-4591-8F1A-2923D2CEEBA5}.Debug|Any CPU.Build.0 = Debug|Any CPU
		{457FA82B-C86B-4591-8F1A-2923D2CEEBA5}.Release|Any CPU.ActiveCfg = Release|Any CPU
		{457FA82B-C86B-4591-8F1A-2923D2CEEBA5}.Release|Any CPU.Build.0 = Release|Any CPU
		{C88BB6CB-A72B-49F0-91CB-07E1C88D6DD4}.Debug|Any CPU.ActiveCfg = Debug|Any CPU
		{C88BB6CB-A72B-49F0-91CB-07E1C88D6DD4}.Debug|Any CPU.Build.0 = Debug|Any CPU
		{C88BB6CB-A72B-49F0-91CB-07E1C88D6DD4}.Release|Any CPU.ActiveCfg = Release|Any CPU
		{C88BB6CB-A72B-49F0-91CB-07E1C88D6DD4}.Release|Any CPU.Build.0 = Release|Any CPU
		{CD95DAE2-0894-4C37-8EAF-9631816A776A}.Debug|Any CPU.ActiveCfg = Debug|Any CPU
		{CD95DAE2-0894-4C37-8EAF-9631816A776A}.Debug|Any CPU.Build.0 = Debug|Any CPU
		{CD95DAE2-0894-4C37-8EAF-9631816A776A}.Release|Any CPU.ActiveCfg = Release|Any CPU
		{CD95DAE2-0894-4C37-8EAF-9631816A776A}.Release|Any CPU.Build.0 = Release|Any CPU
	EndGlobalSection
	GlobalSection(SolutionProperties) = preSolution
		HideSolutionNode = FALSE
	EndGlobalSection
	GlobalSection(ExtensibilityGlobals) = postSolution
		SolutionGuid = {D81E41AA-6598-4DF3-969B-7D8DFEEC639B}
	EndGlobalSection
EndGlobal
